// !$*UTF8*$!
{
	archiveVersion = 1;
	classes = {
	};
	objectVersion = 46;
	objects = {

/* Begin PBXBuildFile section */
		1B2F33FC1C744CCF00383DD3 /* ObjectFromJSON.swift in Sources */ = {isa = PBXBuildFile; fileRef = 1B2F33FB1C744CCF00383DD3 /* ObjectFromJSON.swift */; };
		1BE7EC4B1C633672008F6226 /* AppDelegate.swift in Sources */ = {isa = PBXBuildFile; fileRef = 1BE7EC4A1C633672008F6226 /* AppDelegate.swift */; };
		1BE7EC4D1C633672008F6226 /* ViewController.swift in Sources */ = {isa = PBXBuildFile; fileRef = 1BE7EC4C1C633672008F6226 /* ViewController.swift */; };
		1BE7EC501C633672008F6226 /* Main.storyboard in Resources */ = {isa = PBXBuildFile; fileRef = 1BE7EC4E1C633672008F6226 /* Main.storyboard */; };
		1BE7EC521C633672008F6226 /* Assets.xcassets in Resources */ = {isa = PBXBuildFile; fileRef = 1BE7EC511C633672008F6226 /* Assets.xcassets */; };
		1BE7EC551C633672008F6226 /* LaunchScreen.storyboard in Resources */ = {isa = PBXBuildFile; fileRef = 1BE7EC531C633672008F6226 /* LaunchScreen.storyboard */; };
		1BE7EC601C633672008F6226 /* ObjectFromJSON_demoUITests.swift in Sources */ = {isa = PBXBuildFile; fileRef = 1BE7EC5F1C633672008F6226 /* ObjectFromJSON_demoUITests.swift */; };
		1BE7EC701C6337AE008F6226 /* JSONString in Resources */ = {isa = PBXBuildFile; fileRef = 1BE7EC6F1C6337AE008F6226 /* JSONString */; };
		1BE7EC731C633A19008F6226 /* DataModel.swift in Sources */ = {isa = PBXBuildFile; fileRef = 1BE7EC721C633A19008F6226 /* DataModel.swift */; };
/* End PBXBuildFile section */

/* Begin PBXContainerItemProxy section */
		1BE7EC5C1C633672008F6226 /* PBXContainerItemProxy */ = {
			isa = PBXContainerItemProxy;
			containerPortal = 1BE7EC3F1C633671008F6226 /* Project object */;
			proxyType = 1;
			remoteGlobalIDString = 1BE7EC461C633672008F6226;
			remoteInfo = "ObjectFromJSON-demo";
		};
/* End PBXContainerItemProxy section */

/* Begin PBXFileReference section */
		1B2F33FB1C744CCF00383DD3 /* ObjectFromJSON.swift */ = {isa = PBXFileReference; fileEncoding = 4; lastKnownFileType = sourcecode.swift; path = ObjectFromJSON.swift; sourceTree = "<group>"; };
		1BE7EC471C633672008F6226 /* ObjectFromJSON-demo.app */ = {isa = PBXFileReference; explicitFileType = wrapper.application; includeInIndex = 0; path = "ObjectFromJSON-demo.app"; sourceTree = BUILT_PRODUCTS_DIR; };
		1BE7EC4A1C633672008F6226 /* AppDelegate.swift */ = {isa = PBXFileReference; lastKnownFileType = sourcecode.swift; path = AppDelegate.swift; sourceTree = "<group>"; };
		1BE7EC4C1C633672008F6226 /* ViewController.swift */ = {isa = PBXFileReference; lastKnownFileType = sourcecode.swift; path = ViewController.swift; sourceTree = "<group>"; };
		1BE7EC4F1C633672008F6226 /* Base */ = {isa = PBXFileReference; lastKnownFileType = file.storyboard; name = Base; path = Base.lproj/Main.storyboard; sourceTree = "<group>"; };
		1BE7EC511C633672008F6226 /* Assets.xcassets */ = {isa = PBXFileReference; lastKnownFileType = folder.assetcatalog; path = Assets.xcassets; sourceTree = "<group>"; };
		1BE7EC541C633672008F6226 /* Base */ = {isa = PBXFileReference; lastKnownFileType = file.storyboard; name = Base; path = Base.lproj/LaunchScreen.storyboard; sourceTree = "<group>"; };
		1BE7EC561C633672008F6226 /* Info.plist */ = {isa = PBXFileReference; lastKnownFileType = text.plist.xml; path = Info.plist; sourceTree = "<group>"; };
		1BE7EC5B1C633672008F6226 /* ObjectFromJSON-demoUITests.xctest */ = {isa = PBXFileReference; explicitFileType = wrapper.cfbundle; includeInIndex = 0; path = "ObjectFromJSON-demoUITests.xctest"; sourceTree = BUILT_PRODUCTS_DIR; };
		1BE7EC5F1C633672008F6226 /* ObjectFromJSON_demoUITests.swift */ = {isa = PBXFileReference; lastKnownFileType = sourcecode.swift; path = ObjectFromJSON_demoUITests.swift; sourceTree = "<group>"; };
		1BE7EC611C633672008F6226 /* Info.plist */ = {isa = PBXFileReference; lastKnownFileType = text.plist.xml; path = Info.plist; sourceTree = "<group>"; };
		1BE7EC6F1C6337AE008F6226 /* JSONString */ = {isa = PBXFileReference; fileEncoding = 4; lastKnownFileType = text; path = JSONString; sourceTree = "<group>"; };
		1BE7EC721C633A19008F6226 /* DataModel.swift */ = {isa = PBXFileReference; fileEncoding = 4; lastKnownFileType = sourcecode.swift; path = DataModel.swift; sourceTree = "<group>"; };
/* End PBXFileReference section */

/* Begin PBXFrameworksBuildPhase section */
		1BE7EC441C633672008F6226 /* Frameworks */ = {
			isa = PBXFrameworksBuildPhase;
			buildActionMask = 2147483647;
			files = (
			);
			runOnlyForDeploymentPostprocessing = 0;
		};
		1BE7EC581C633672008F6226 /* Frameworks */ = {
			isa = PBXFrameworksBuildPhase;
			buildActionMask = 2147483647;
			files = (
			);
			runOnlyForDeploymentPostprocessing = 0;
		};
/* End PBXFrameworksBuildPhase section */

/* Begin PBXGroup section */
		1B2F33FA1C744CCF00383DD3 /* ObjectFromJSON */ = {
			isa = PBXGroup;
			children = (
				1B2F33FB1C744CCF00383DD3 /* ObjectFromJSON.swift */,
			);
			path = ObjectFromJSON;
			sourceTree = "<group>";
		};
		1BE7EC3E1C633671008F6226 = {
			isa = PBXGroup;
			children = (
				1B2F33FA1C744CCF00383DD3 /* ObjectFromJSON */,
				1BE7EC491C633672008F6226 /* ObjectFromJSON-demo */,
				1BE7EC5E1C633672008F6226 /* ObjectFromJSON-demoUITests */,
				1BE7EC481C633672008F6226 /* Products */,
			);
			sourceTree = "<group>";
		};
		1BE7EC481C633672008F6226 /* Products */ = {
			isa = PBXGroup;
			children = (
				1BE7EC471C633672008F6226 /* ObjectFromJSON-demo.app */,
				1BE7EC5B1C633672008F6226 /* ObjectFromJSON-demoUITests.xctest */,
			);
			name = Products;
			sourceTree = "<group>";
		};
		1BE7EC491C633672008F6226 /* ObjectFromJSON-demo */ = {
			isa = PBXGroup;
			children = (
				1BE7EC4A1C633672008F6226 /* AppDelegate.swift */,
				1BE7EC4C1C633672008F6226 /* ViewController.swift */,
				1BE7EC711C6339FE008F6226 /* Model */,
				1BE7EC4E1C633672008F6226 /* Main.storyboard */,
				1BE7EC511C633672008F6226 /* Assets.xcassets */,
				1BE7EC531C633672008F6226 /* LaunchScreen.storyboard */,
				1BE7EC561C633672008F6226 /* Info.plist */,
				1BE7EC6F1C6337AE008F6226 /* JSONString */,
			);
			path = "ObjectFromJSON-demo";
			sourceTree = "<group>";
		};
		1BE7EC5E1C633672008F6226 /* ObjectFromJSON-demoUITests */ = {
			isa = PBXGroup;
			children = (
				1BE7EC5F1C633672008F6226 /* ObjectFromJSON_demoUITests.swift */,
				1BE7EC611C633672008F6226 /* Info.plist */,
			);
			path = "ObjectFromJSON-demoUITests";
			sourceTree = "<group>";
		};
		1BE7EC711C6339FE008F6226 /* Model */ = {
			isa = PBXGroup;
			children = (
				1BE7EC721C633A19008F6226 /* DataModel.swift */,
			);
			path = Model;
			sourceTree = "<group>";
		};
/* End PBXGroup section */

/* Begin PBXNativeTarget section */
		1BE7EC461C633672008F6226 /* ObjectFromJSON-demo */ = {
			isa = PBXNativeTarget;
			buildConfigurationList = 1BE7EC641C633672008F6226 /* Build configuration list for PBXNativeTarget "ObjectFromJSON-demo" */;
			buildPhases = (
				1BE7EC431C633672008F6226 /* Sources */,
				1BE7EC441C633672008F6226 /* Frameworks */,
				1BE7EC451C633672008F6226 /* Resources */,
			);
			buildRules = (
			);
			dependencies = (
			);
			name = "ObjectFromJSON-demo";
			productName = "ObjectFromJSON-demo";
			productReference = 1BE7EC471C633672008F6226 /* ObjectFromJSON-demo.app */;
			productType = "com.apple.product-type.application";
		};
		1BE7EC5A1C633672008F6226 /* ObjectFromJSON-demoUITests */ = {
			isa = PBXNativeTarget;
			buildConfigurationList = 1BE7EC671C633672008F6226 /* Build configuration list for PBXNativeTarget "ObjectFromJSON-demoUITests" */;
			buildPhases = (
				1BE7EC571C633672008F6226 /* Sources */,
				1BE7EC581C633672008F6226 /* Frameworks */,
				1BE7EC591C633672008F6226 /* Resources */,
			);
			buildRules = (
			);
			dependencies = (
				1BE7EC5D1C633672008F6226 /* PBXTargetDependency */,
			);
			name = "ObjectFromJSON-demoUITests";
			productName = "ObjectFromJSON-demoUITests";
			productReference = 1BE7EC5B1C633672008F6226 /* ObjectFromJSON-demoUITests.xctest */;
			productType = "com.apple.product-type.bundle.ui-testing";
		};
/* End PBXNativeTarget section */

/* Begin PBXProject section */
		1BE7EC3F1C633671008F6226 /* Project object */ = {
			isa = PBXProject;
			attributes = {
				LastSwiftUpdateCheck = 0710;
				LastUpgradeCheck = 0710;
				ORGANIZATIONNAME = "聂宽";
				TargetAttributes = {
					1BE7EC461C633672008F6226 = {
						CreatedOnToolsVersion = 7.1.1;
						DevelopmentTeam = 83LCT272P7;
					};
					1BE7EC5A1C633672008F6226 = {
						CreatedOnToolsVersion = 7.1.1;
						DevelopmentTeam = 83LCT272P7;
						TestTargetID = 1BE7EC461C633672008F6226;
					};
				};
			};
			buildConfigurationList = 1BE7EC421C633671008F6226 /* Build configuration list for PBXProject "ObjectFromJSON-demo" */;
			compatibilityVersion = "Xcode 3.2";
			developmentRegion = English;
			hasScannedForEncodings = 0;
			knownRegions = (
				en,
				Base,
			);
			mainGroup = 1BE7EC3E1C633671008F6226;
			productRefGroup = 1BE7EC481C633672008F6226 /* Products */;
			projectDirPath = "";
			projectRoot = "";
			targets = (
				1BE7EC461C633672008F6226 /* ObjectFromJSON-demo */,
				1BE7EC5A1C633672008F6226 /* ObjectFromJSON-demoUITests */,
			);
		};
/* End PBXProject section */

/* Begin PBXResourcesBuildPhase section */
		1BE7EC451C633672008F6226 /* Resources */ = {
			isa = PBXResourcesBuildPhase;
			buildActionMask = 2147483647;
			files = (
				1BE7EC551C633672008F6226 /* LaunchScreen.storyboard in Resources */,
				1BE7EC521C633672008F6226 /* Assets.xcassets in Resources */,
				1BE7EC501C633672008F6226 /* Main.storyboard in Resources */,
				1BE7EC701C6337AE008F6226 /* JSONString in Resources */,
			);
			runOnlyForDeploymentPostprocessing = 0;
		};
		1BE7EC591C633672008F6226 /* Resources */ = {
			isa = PBXResourcesBuildPhase;
			buildActionMask = 2147483647;
			files = (
			);
			runOnlyForDeploymentPostprocessing = 0;
		};
/* End PBXResourcesBuildPhase section */

/* Begin PBXSourcesBuildPhase section */
		1BE7EC431C633672008F6226 /* Sources */ = {
			isa = PBXSourcesBuildPhase;
			buildActionMask = 2147483647;
			files = (
				1B2F33FC1C744CCF00383DD3 /* ObjectFromJSON.swift in Sources */,
				1BE7EC4D1C633672008F6226 /* ViewController.swift in Sources */,
				1BE7EC731C633A19008F6226 /* DataModel.swift in Sources */,
				1BE7EC4B1C633672008F6226 /* AppDelegate.swift in Sources */,
			);
			runOnlyForDeploymentPostprocessing = 0;
		};
		1BE7EC571C633672008F6226 /* Sources */ = {
			isa = PBXSourcesBuildPhase;
			buildActionMask = 2147483647;
			files = (
				1BE7EC601C633672008F6226 /* ObjectFromJSON_demoUITests.swift in Sources */,
			);
			runOnlyForDeploymentPostprocessing = 0;
		};
/* End PBXSourcesBuildPhase section */

/* Begin PBXTargetDependency section */
		1BE7EC5D1C633672008F6226 /* PBXTargetDependency */ = {
			isa = PBXTargetDependency;
			target = 1BE7EC461C633672008F6226 /* ObjectFromJSON-demo */;
			targetProxy = 1BE7EC5C1C633672008F6226 /* PBXContainerItemProxy */;
		};
/* End PBXTargetDependency section */

/* Begin PBXVariantGroup section */
		1BE7EC4E1C633672008F6226 /* Main.storyboard */ = {
			isa = PBXVariantGroup;
			children = (
				1BE7EC4F1C633672008F6226 /* Base */,
			);
			name = Main.storyboard;
			sourceTree = "<group>";
		};
		1BE7EC531C633672008F6226 /* LaunchScreen.storyboard */ = {
			isa = PBXVariantGroup;
			children = (
				1BE7EC541C633672008F6226 /* Base */,
			);
			name = LaunchScreen.storyboard;
			sourceTree = "<group>";
		};
/* End PBXVariantGroup section */

/* Begin XCBuildConfiguration section */
		1BE7EC621C633672008F6226 /* Debug */ = {
			isa = XCBuildConfiguration;
			buildSettings = {
				ALWAYS_SEARCH_USER_PATHS = NO;
				CLANG_CXX_LANGUAGE_STANDARD = "gnu++0x";
				CLANG_CXX_LIBRARY = "libc++";
				CLANG_ENABLE_MODULES = YES;
				CLANG_ENABLE_OBJC_ARC = YES;
				CLANG_WARN_BOOL_CONVERSION = YES;
				CLANG_WARN_CONSTANT_CONVERSION = YES;
				CLANG_WARN_DIRECT_OBJC_ISA_USAGE = YES_ERROR;
				CLANG_WARN_EMPTY_BODY = YES;
				CLANG_WARN_ENUM_CONVERSION = YES;
				CLANG_WARN_INT_CONVERSION = YES;
				CLANG_WARN_OBJC_ROOT_CLASS = YES_ERROR;
				CLANG_WARN_UNREACHABLE_CODE = YES;
				CLANG_WARN__DUPLICATE_METHOD_MATCH = YES;
				"CODE_SIGN_IDENTITY[sdk=iphoneos*]" = "iPhone Developer";
				COPY_PHASE_STRIP = NO;
				DEBUG_INFORMATION_FORMAT = dwarf;
				ENABLE_STRICT_OBJC_MSGSEND = YES;
				ENABLE_TESTABILITY = YES;
				GCC_C_LANGUAGE_STANDARD = gnu99;
				GCC_DYNAMIC_NO_PIC = NO;
				GCC_NO_COMMON_BLOCKS = YES;
				GCC_OPTIMIZATION_LEVEL = 0;
				GCC_PREPROCESSOR_DEFINITIONS = (
					"DEBUG=1",
					"$(inherited)",
				);
				GCC_WARN_64_TO_32_BIT_CONVERSION = YES;
				GCC_WARN_ABOUT_RETURN_TYPE = YES_ERROR;
				GCC_WARN_UNDECLARED_SELECTOR = YES;
				GCC_WARN_UNINITIALIZED_AUTOS = YES_AGGRESSIVE;
				GCC_WARN_UNUSED_FUNCTION = YES;
				GCC_WARN_UNUSED_VARIABLE = YES;
				IPHONEOS_DEPLOYMENT_TARGET = 9.1;
				MTL_ENABLE_DEBUG_INFO = YES;
				ONLY_ACTIVE_ARCH = YES;
				SDKROOT = iphoneos;
				SWIFT_OPTIMIZATION_LEVEL = "-Onone";
			};
			name = Debug;
		};
		1BE7EC631C633672008F6226 /* Release */ = {
			isa = XCBuildConfiguration;
			buildSettings = {
				ALWAYS_SEARCH_USER_PATHS = NO;
				CLANG_CXX_LANGUAGE_STANDARD = "gnu++0x";
				CLANG_CXX_LIBRARY = "libc++";
				CLANG_ENABLE_MODULES = YES;
				CLANG_ENABLE_OBJC_ARC = YES;
				CLANG_WARN_BOOL_CONVERSION = YES;
				CLANG_WARN_CONSTANT_CONVERSION = YES;
				CLANG_WARN_DIRECT_OBJC_ISA_USAGE = YES_ERROR;
				CLANG_WARN_EMPTY_BODY = YES;
				CLANG_WARN_ENUM_CONVERSION = YES;
				CLANG_WARN_INT_CONVERSION = YES;
				CLANG_WARN_OBJC_ROOT_CLASS = YES_ERROR;
				CLANG_WARN_UNREACHABLE_CODE = YES;
				CLANG_WARN__DUPLICATE_METHOD_MATCH = YES;
				"CODE_SIGN_IDENTITY[sdk=iphoneos*]" = "iPhone Developer";
				COPY_PHASE_STRIP = NO;
				DEBUG_INFORMATION_FORMAT = "dwarf-with-dsym";
				ENABLE_NS_ASSERTIONS = NO;
				ENABLE_STRICT_OBJC_MSGSEND = YES;
				GCC_C_LANGUAGE_STANDARD = gnu99;
				GCC_NO_COMMON_BLOCKS = YES;
				GCC_WARN_64_TO_32_BIT_CONVERSION = YES;
				GCC_WARN_ABOUT_RETURN_TYPE = YES_ERROR;
				GCC_WARN_UNDECLARED_SELECTOR = YES;
				GCC_WARN_UNINITIALIZED_AUTOS = YES_AGGRESSIVE;
				GCC_WARN_UNUSED_FUNCTION = YES;
				GCC_WARN_UNUSED_VARIABLE = YES;
				IPHONEOS_DEPLOYMENT_TARGET = 9.1;
				MTL_ENABLE_DEBUG_INFO = NO;
				SDKROOT = iphoneos;
				VALIDATE_PRODUCT = YES;
			};
			name = Release;
		};
		1BE7EC651C633672008F6226 /* Debug */ = {
			isa = XCBuildConfiguration;
			buildSettings = {
				ASSETCATALOG_COMPILER_APPICON_NAME = AppIcon;
				INFOPLIST_FILE = "ObjectFromJSON-demo/Info.plist";
				LD_RUNPATH_SEARCH_PATHS = "$(inherited) @executable_path/Frameworks";
				PRODUCT_BUNDLE_IDENTIFIER = "nk.ObjectFromJSON-demo";
				PRODUCT_NAME = "$(TARGET_NAME)";
			};
			name = Debug;
		};
		1BE7EC661C633672008F6226 /* Release */ = {
			isa = XCBuildConfiguration;
			buildSettings = {
				ASSETCATALOG_COMPILER_APPICON_NAME = AppIcon;
				INFOPLIST_FILE = "ObjectFromJSON-demo/Info.plist";
				LD_RUNPATH_SEARCH_PATHS = "$(inherited) @executable_path/Frameworks";
				PRODUCT_BUNDLE_IDENTIFIER = "nk.ObjectFromJSON-demo";
				PRODUCT_NAME = "$(TARGET_NAME)";
			};
			name = Release;
		};
		1BE7EC681C633672008F6226 /* Debug */ = {
			isa = XCBuildConfiguration;
			buildSettings = {
				INFOPLIST_FILE = "ObjectFromJSON-demoUITests/Info.plist";
				LD_RUNPATH_SEARCH_PATHS = "$(inherited) @executable_path/Frameworks @loader_path/Frameworks";
				PRODUCT_BUNDLE_IDENTIFIER = "nk.ObjectFromJSON-demoUITests";
				PRODUCT_NAME = "$(TARGET_NAME)";
				TEST_TARGET_NAME = "ObjectFromJSON-demo";
				USES_XCTRUNNER = YES;
			};
			name = Debug;
		};
		1BE7EC691C633672008F6226 /* Release */ = {
			isa = XCBuildConfiguration;
			buildSettings = {
				INFOPLIST_FILE = "ObjectFromJSON-demoUITests/Info.plist";
				LD_RUNPATH_SEARCH_PATHS = "$(inherited) @executable_path/Frameworks @loader_path/Frameworks";
				PRODUCT_BUNDLE_IDENTIFIER = "nk.ObjectFromJSON-demoUITests";
				PRODUCT_NAME = "$(TARGET_NAME)";
				TEST_TARGET_NAME = "ObjectFromJSON-demo";
				USES_XCTRUNNER = YES;
			};
			name = Release;
		};
/* End XCBuildConfiguration section */

/* Begin XCConfigurationList section */
		1BE7EC421C633671008F6226 /* Build configuration list for PBXProject "ObjectFromJSON-demo" */ = {
			isa = XCConfigurationList;
			buildConfigurations = (
				1BE7EC621C633672008F6226 /* Debug */,
				1BE7EC631C633672008F6226 /* Release */,
			);
			defaultConfigurationIsVisible = 0;
			defaultConfigurationName = Release;
		};
		1BE7EC641C633672008F6226 /* Build configuration list for PBXNativeTarget "ObjectFromJSON-demo" */ = {
			isa = XCConfigurationList;
			buildConfigurations = (
				1BE7EC651C633672008F6226 /* Debug */,
				1BE7EC661C633672008F6226 /* Release */,
			);
			defaultConfigurationIsVisible = 0;
			defaultConfigurationName = Release;
		};
		1BE7EC671C633672008F6226 /* Build configuration list for PBXNativeTarget "ObjectFromJSON-demoUITests" */ = {
			isa = XCConfigurationList;
			buildConfigurations = (
				1BE7EC681C633672008F6226 /* Debug */,
				1BE7EC691C633672008F6226 /* Release */,
			);
			defaultConfigurationIsVisible = 0;
			defaultConfigurationName = Release;
		};
/* End XCConfigurationList section */
	};
	rootObject = 1BE7EC3F1C633671008F6226 /* Project object */;
}
